
Microsoft Visual Studio Solution File, Format Version 12.00
# Visual Studio 15
VisualStudioVersion = 15.0.28010.2048
MinimumVisualStudioVersion = 10.0.40219.1
Project("{F184B08F-C81C-45F6-A57F-5ABD9991F28F}") = "DailyWriter", "DailyWriter\DailyWriter.vbproj", "{1CA5DC43-2398-4982-ABED-71EF78D534F8}"
EndProject
Global
	GlobalSection(SolutionConfigurationPlatforms) = preSolution
		Debug|Any CPU = Debug|Any CPU
		Release|Any CPU = Release|Any CPU
	EndGlobalSection
	GlobalSection(ProjectConfigurationPlatforms) = postSolution
		{1CA5DC43-2398-4982-ABED-71EF78D534F8}.Debug|Any CPU.ActiveCfg = Debug|Any CPU
		{1CA5DC43-2398-4982-ABED-71EF78D534F8}.Debug|Any CPU.Build.0 = Debug|Any CPU
		{1CA5DC43-2398-4982-ABED-71EF78D534F8}.Release|Any CPU.ActiveCfg = Release|Any CPU
		{1CA5DC43-2398-4982-ABED-71EF78D534F8}.Release|Any CPU.Build.0 = Release|Any CPU
	EndGlobalSection
	GlobalSection(SolutionProperties) = preSolution
		HideSolutionNode = FALSE
	EndGlobalSection
	GlobalSection(ExtensibilityGlobals) = postSolution
		SolutionGuid = {5F8A143B-2201-44A4-B76C-9C9E5E620D9F}
	EndGlobalSection
EndGlobal
